{
  "version": 4,
  "terraform_version": "1.12.1",
  "serial": 8,
  "lineage": "ff69a1e3-074c-acca-ba77-f2e7b9f5e733",
  "outputs": {
    "test": {
      "value": [],
      "type": [
        "list",
        [
          "map",
          "string"
        ]
      ]
    }
  },
  "resources": [
    {
      "mode": "managed",
      "type": "snowflake_execute",
      "name": "test",
      "provider": "provider[\"registry.terraform.io/snowflake-labs/snowflake\"]",
      "instances": [
        {
          "schema_version": 0,
          "attributes": {
            "execute": "SELECT current_date() as version",
            "id": "79c0d2d3-6e5a-8498-94ec-b821a74b3746",
            "query": null,
            "query_results": [],
            "revert": "SELECT 2",
            "timeouts": null
          },
          "sensitive_attributes": [],
          "identity_schema_version": 0,
          "private": "eyJlMmJmYjczMC1lY2FhLTExZTYtOGY4OC0zNDM2M2JjN2M0YzAiOnsiY3JlYXRlIjozNjAwMDAwMDAwMDAwLCJkZWxldGUiOjM2MDAwMDAwMDAwMDAsInJlYWQiOjM2MDAwMDAwMDAwMDAsInVwZGF0ZSI6MzYwMDAwMDAwMDAwMH19"
        }
      ]
    }
  ],
  "check_results": null
}
